
Microsoft Visual Studio Solution File, Format Version 12.00
# Visual Studio Version 17
VisualStudioVersion = 17.5.001.0
MinimumVisualStudioVersion = 10.0.40219.1
Project("{9A19103F-16F7-4668-BE54-9A1E7A4F7556}") = "DesafioFundamentos", "DesafioFundamentos.csproj", "{BF84AAF7-6B4F-4CD2-A805-F0F54D249E3F}"
EndProject
Global
	GlobalSection(SolutionConfigurationPlatforms) = preSolution
		Debug|Any CPU = Debug|Any CPU
		Release|Any CPU = Release|Any CPU
	EndGlobalSection
	GlobalSection(ProjectConfigurationPlatforms) = postSolution
		{BF84AAF7-6B4F-4CD2-A805-F0F54D249E3F}.Debug|Any CPU.ActiveCfg = Debug|Any CPU
		{BF84AAF7-6B4F-4CD2-A805-F0F54D249E3F}.Debug|Any CPU.Build.0 = Debug|Any CPU
		{BF84AAF7-6B4F-4CD2-A805-F0F54D249E3F}.Release|Any CPU.ActiveCfg = Release|Any CPU
		{BF84AAF7-6B4F-4CD2-A805-F0F54D249E3F}.Release|Any CPU.Build.0 = Release|Any CPU
	EndGlobalSection
	GlobalSection(SolutionProperties) = preSolution
		HideSolutionNode = FALSE
	EndGlobalSection
	GlobalSection(ExtensibilityGlobals) = postSolution
		SolutionGuid = {406AFCD9-7278-4138-B352-C3FDF2C6BA5A}
	EndGlobalSection
EndGlobal
